
Microsoft Visual Studio Solution File, Format Version 12.00
# Visual Studio 15
VisualStudioVersion = 15.0.27703.2018
MinimumVisualStudioVersion = 10.0.40219.1
Project("{888888A0-9F3D-457C-B088-3A5042F75D52}") = "TensorFlow", "TensorFlow.pyproj", "{3972026E-9CF1-45E5-AF0A-3151385BF604}"
EndProject
Global
	GlobalSection(SolutionConfigurationPlatforms) = preSolution
		Debug|Any CPU = Debug|Any CPU
		Release|Any CPU = Release|Any CPU
	EndGlobalSection
	GlobalSection(ProjectConfigurationPlatforms) = postSolution
		{3972026E-9CF1-45E5-AF0A-3151385BF604}.Debug|Any CPU.ActiveCfg = Debug|Any CPU
		{3972026E-9CF1-45E5-AF0A-3151385BF604}.Release|Any CPU.ActiveCfg = Release|Any CPU
	EndGlobalSection
	GlobalSection(SolutionProperties) = preSolution
		HideSolutionNode = FALSE
	EndGlobalSection
	GlobalSection(ExtensibilityGlobals) = postSolution
		SolutionGuid = {DA53ED2F-5A73-4BE8-8E1E-6AC797BCB696}
	EndGlobalSection
EndGlobal
